
Microsoft Visual Studio Solution File, Format Version 12.00
# Visual Studio Version 17
VisualStudioVersion = 17.13.35913.81 d17.13
MinimumVisualStudioVersion = 10.0.40219.1
Project("{FAE04EC0-301F-11D3-BF4B-00C04F79EFBC}") = "Subasta.Web", "Subasta.Web\Subasta.Web.csproj", "{D8A48B87-DCD8-4990-9968-B95A12B1027E}"
EndProject
Project("{FAE04EC0-301F-11D3-BF4B-00C04F79EFBC}") = "Subasta.Aplication", "Subasta.Aplication\Subasta.Aplication.csproj", "{0384BD1F-F3B4-42A2-928B-A788498A12DD}"
EndProject
Project("{FAE04EC0-301F-11D3-BF4B-00C04F79EFBC}") = "Subasta.Infraestructure", "Subasta.Infraestructure\Subasta.Infraestructure.csproj", "{71EC3555-7A1B-4B64-BA6B-78CDE8012FB8}"
EndProject
Global
	GlobalSection(SolutionConfigurationPlatforms) = preSolution
		Debug|Any CPU = Debug|Any CPU
		Release|Any CPU = Release|Any CPU
	EndGlobalSection
	GlobalSection(ProjectConfigurationPlatforms) = postSolution
		{D8A48B87-DCD8-4990-9968-B95A12B1027E}.Debug|Any CPU.ActiveCfg = Debug|Any CPU
		{D8A48B87-DCD8-4990-9968-B95A12B1027E}.Debug|Any CPU.Build.0 = Debug|Any CPU
		{D8A48B87-DCD8-4990-9968-B95A12B1027E}.Release|Any CPU.ActiveCfg = Release|Any CPU
		{D8A48B87-DCD8-4990-9968-B95A12B1027E}.Release|Any CPU.Build.0 = Release|Any CPU
		{0384BD1F-F3B4-42A2-928B-A788498A12DD}.Debug|Any CPU.ActiveCfg = Debug|Any CPU
		{0384BD1F-F3B4-42A2-928B-A788498A12DD}.Debug|Any CPU.Build.0 = Debug|Any CPU
		{0384BD1F-F3B4-42A2-928B-A788498A12DD}.Release|Any CPU.ActiveCfg = Release|Any CPU
		{0384BD1F-F3B4-42A2-928B-A788498A12DD}.Release|Any CPU.Build.0 = Release|Any CPU
		{71EC3555-7A1B-4B64-BA6B-78CDE8012FB8}.Debug|Any CPU.ActiveCfg = Debug|Any CPU
		{71EC3555-7A1B-4B64-BA6B-78CDE8012FB8}.Debug|Any CPU.Build.0 = Debug|Any CPU
		{71EC3555-7A1B-4B64-BA6B-78CDE8012FB8}.Release|Any CPU.ActiveCfg = Release|Any CPU
		{71EC3555-7A1B-4B64-BA6B-78CDE8012FB8}.Release|Any CPU.Build.0 = Release|Any CPU
	EndGlobalSection
	GlobalSection(SolutionProperties) = preSolution
		HideSolutionNode = FALSE
	EndGlobalSection
	GlobalSection(ExtensibilityGlobals) = postSolution
		SolutionGuid = {A4A6D361-D0BF-41D0-A3A0-6F9246A5815C}
	EndGlobalSection
EndGlobal
